
Microsoft Visual Studio Solution File, Format Version 12.00
# Visual Studio Version 16
VisualStudioVersion = 16.0.29806.167
MinimumVisualStudioVersion = 10.0.40219.1
Project("{FAE04EC0-301F-11D3-BF4B-00C04F79EFBC}") = "DotNetFiddleAutomation", "DotNetFiddleAutomation\DotNetFiddleAutomation.csproj", "{A0EE0DA2-23C9-4F55-B1C5-7ECB77E41383}"
EndProject
Global
	GlobalSection(SolutionConfigurationPlatforms) = preSolution
		Debug|Any CPU = Debug|Any CPU
		Release|Any CPU = Release|Any CPU
	EndGlobalSection
	GlobalSection(ProjectConfigurationPlatforms) = postSolution
		{A0EE0DA2-23C9-4F55-B1C5-7ECB77E41383}.Debug|Any CPU.ActiveCfg = Debug|Any CPU
		{A0EE0DA2-23C9-4F55-B1C5-7ECB77E41383}.Debug|Any CPU.Build.0 = Debug|Any CPU
		{A0EE0DA2-23C9-4F55-B1C5-7ECB77E41383}.Release|Any CPU.ActiveCfg = Release|Any CPU
		{A0EE0DA2-23C9-4F55-B1C5-7ECB77E41383}.Release|Any CPU.Build.0 = Release|Any CPU
	EndGlobalSection
	GlobalSection(SolutionProperties) = preSolution
		HideSolutionNode = FALSE
	EndGlobalSection
	GlobalSection(ExtensibilityGlobals) = postSolution
		SolutionGuid = {45A96D51-F586-4E78-A214-7A7D076C7421}
	EndGlobalSection
EndGlobal
